
Microsoft Visual Studio Solution File, Format Version 12.00
# Visual Studio Version 17
VisualStudioVersion = 17.6.33723.286
MinimumVisualStudioVersion = 10.0.40219.1
Project("{FAE04EC0-301F-11D3-BF4B-00C04F79EFBC}") = "ejercicio50", "ejercicio50\ejercicio50.csproj", "{F56B9BC8-A403-4A2F-A527-77AF7F3284CF}"
EndProject
Global
	GlobalSection(SolutionConfigurationPlatforms) = preSolution
		Debug|Any CPU = Debug|Any CPU
		Release|Any CPU = Release|Any CPU
	EndGlobalSection
	GlobalSection(ProjectConfigurationPlatforms) = postSolution
		{F56B9BC8-A403-4A2F-A527-77AF7F3284CF}.Debug|Any CPU.ActiveCfg = Debug|Any CPU
		{F56B9BC8-A403-4A2F-A527-77AF7F3284CF}.Debug|Any CPU.Build.0 = Debug|Any CPU
		{F56B9BC8-A403-4A2F-A527-77AF7F3284CF}.Release|Any CPU.ActiveCfg = Release|Any CPU
		{F56B9BC8-A403-4A2F-A527-77AF7F3284CF}.Release|Any CPU.Build.0 = Release|Any CPU
	EndGlobalSection
	GlobalSection(SolutionProperties) = preSolution
		HideSolutionNode = FALSE
	EndGlobalSection
	GlobalSection(ExtensibilityGlobals) = postSolution
		SolutionGuid = {86B9EE08-9901-4953-88BC-36F89EDC078B}
	EndGlobalSection
EndGlobal
