
Microsoft Visual Studio Solution File, Format Version 12.00
# Visual Studio Version 17
VisualStudioVersion = 17.6.33723.286
MinimumVisualStudioVersion = 10.0.40219.1
Project("{FAE04EC0-301F-11D3-BF4B-00C04F79EFBC}") = "ejercicio48", "ejercicio48\ejercicio48.csproj", "{D9A13733-6A3F-4337-90FB-C49D35E30CAC}"
EndProject
Global
	GlobalSection(SolutionConfigurationPlatforms) = preSolution
		Debug|Any CPU = Debug|Any CPU
		Release|Any CPU = Release|Any CPU
	EndGlobalSection
	GlobalSection(ProjectConfigurationPlatforms) = postSolution
		{D9A13733-6A3F-4337-90FB-C49D35E30CAC}.Debug|Any CPU.ActiveCfg = Debug|Any CPU
		{D9A13733-6A3F-4337-90FB-C49D35E30CAC}.Debug|Any CPU.Build.0 = Debug|Any CPU
		{D9A13733-6A3F-4337-90FB-C49D35E30CAC}.Release|Any CPU.ActiveCfg = Release|Any CPU
		{D9A13733-6A3F-4337-90FB-C49D35E30CAC}.Release|Any CPU.Build.0 = Release|Any CPU
	EndGlobalSection
	GlobalSection(SolutionProperties) = preSolution
		HideSolutionNode = FALSE
	EndGlobalSection
	GlobalSection(ExtensibilityGlobals) = postSolution
		SolutionGuid = {C14F87F6-E98B-480C-9122-B5599651D9B4}
	EndGlobalSection
EndGlobal
