
Microsoft Visual Studio Solution File, Format Version 12.00
# Visual Studio Version 17
VisualStudioVersion = 17.6.33723.286
MinimumVisualStudioVersion = 10.0.40219.1
Project("{FAE04EC0-301F-11D3-BF4B-00C04F79EFBC}") = "ejercicio55", "ejercicio55\ejercicio55.csproj", "{80C41291-B630-4029-9A33-45898C96AE4D}"
EndProject
Global
	GlobalSection(SolutionConfigurationPlatforms) = preSolution
		Debug|Any CPU = Debug|Any CPU
		Release|Any CPU = Release|Any CPU
	EndGlobalSection
	GlobalSection(ProjectConfigurationPlatforms) = postSolution
		{80C41291-B630-4029-9A33-45898C96AE4D}.Debug|Any CPU.ActiveCfg = Debug|Any CPU
		{80C41291-B630-4029-9A33-45898C96AE4D}.Debug|Any CPU.Build.0 = Debug|Any CPU
		{80C41291-B630-4029-9A33-45898C96AE4D}.Release|Any CPU.ActiveCfg = Release|Any CPU
		{80C41291-B630-4029-9A33-45898C96AE4D}.Release|Any CPU.Build.0 = Release|Any CPU
	EndGlobalSection
	GlobalSection(SolutionProperties) = preSolution
		HideSolutionNode = FALSE
	EndGlobalSection
	GlobalSection(ExtensibilityGlobals) = postSolution
		SolutionGuid = {B7A033B3-7351-443F-8E60-9D978066022E}
	EndGlobalSection
EndGlobal
