
Microsoft Visual Studio Solution File, Format Version 12.00
# Visual Studio Version 17
VisualStudioVersion = 17.6.33723.286
MinimumVisualStudioVersion = 10.0.40219.1
Project("{FAE04EC0-301F-11D3-BF4B-00C04F79EFBC}") = "Ejercicio38", "Ejercicio38\Ejercicio38.csproj", "{035A1219-7E52-4BF9-A907-B666ADB17359}"
EndProject
Global
	GlobalSection(SolutionConfigurationPlatforms) = preSolution
		Debug|Any CPU = Debug|Any CPU
		Release|Any CPU = Release|Any CPU
	EndGlobalSection
	GlobalSection(ProjectConfigurationPlatforms) = postSolution
		{035A1219-7E52-4BF9-A907-B666ADB17359}.Debug|Any CPU.ActiveCfg = Debug|Any CPU
		{035A1219-7E52-4BF9-A907-B666ADB17359}.Debug|Any CPU.Build.0 = Debug|Any CPU
		{035A1219-7E52-4BF9-A907-B666ADB17359}.Release|Any CPU.ActiveCfg = Release|Any CPU
		{035A1219-7E52-4BF9-A907-B666ADB17359}.Release|Any CPU.Build.0 = Release|Any CPU
	EndGlobalSection
	GlobalSection(SolutionProperties) = preSolution
		HideSolutionNode = FALSE
	EndGlobalSection
	GlobalSection(ExtensibilityGlobals) = postSolution
		SolutionGuid = {2B783C38-180F-413E-A4F7-E21B1F937C4F}
	EndGlobalSection
EndGlobal
