
Microsoft Visual Studio Solution File, Format Version 12.00
# Visual Studio Version 17
VisualStudioVersion = 17.6.33723.286
MinimumVisualStudioVersion = 10.0.40219.1
Project("{FAE04EC0-301F-11D3-BF4B-00C04F79EFBC}") = "Ejercicio44", "Ejercicio44\Ejercicio44.csproj", "{4157BD6B-B05F-441A-9FB9-46FB4B2634F8}"
EndProject
Global
	GlobalSection(SolutionConfigurationPlatforms) = preSolution
		Debug|Any CPU = Debug|Any CPU
		Release|Any CPU = Release|Any CPU
	EndGlobalSection
	GlobalSection(ProjectConfigurationPlatforms) = postSolution
		{4157BD6B-B05F-441A-9FB9-46FB4B2634F8}.Debug|Any CPU.ActiveCfg = Debug|Any CPU
		{4157BD6B-B05F-441A-9FB9-46FB4B2634F8}.Debug|Any CPU.Build.0 = Debug|Any CPU
		{4157BD6B-B05F-441A-9FB9-46FB4B2634F8}.Release|Any CPU.ActiveCfg = Release|Any CPU
		{4157BD6B-B05F-441A-9FB9-46FB4B2634F8}.Release|Any CPU.Build.0 = Release|Any CPU
	EndGlobalSection
	GlobalSection(SolutionProperties) = preSolution
		HideSolutionNode = FALSE
	EndGlobalSection
	GlobalSection(ExtensibilityGlobals) = postSolution
		SolutionGuid = {04EABBFF-E3CD-409F-82C5-F7F98B4F68ED}
	EndGlobalSection
EndGlobal
