
Microsoft Visual Studio Solution File, Format Version 12.00
# Visual Studio Version 17
VisualStudioVersion = 17.6.33723.286
MinimumVisualStudioVersion = 10.0.40219.1
Project("{FAE04EC0-301F-11D3-BF4B-00C04F79EFBC}") = "Simulacion form parcial", "Simulacion form parcial\Simulacion form parcial.csproj", "{294BD2C0-0C49-4985-9869-B272028D05A0}"
EndProject
Global
	GlobalSection(SolutionConfigurationPlatforms) = preSolution
		Debug|Any CPU = Debug|Any CPU
		Release|Any CPU = Release|Any CPU
	EndGlobalSection
	GlobalSection(ProjectConfigurationPlatforms) = postSolution
		{294BD2C0-0C49-4985-9869-B272028D05A0}.Debug|Any CPU.ActiveCfg = Debug|Any CPU
		{294BD2C0-0C49-4985-9869-B272028D05A0}.Debug|Any CPU.Build.0 = Debug|Any CPU
		{294BD2C0-0C49-4985-9869-B272028D05A0}.Release|Any CPU.ActiveCfg = Release|Any CPU
		{294BD2C0-0C49-4985-9869-B272028D05A0}.Release|Any CPU.Build.0 = Release|Any CPU
	EndGlobalSection
	GlobalSection(SolutionProperties) = preSolution
		HideSolutionNode = FALSE
	EndGlobalSection
	GlobalSection(ExtensibilityGlobals) = postSolution
		SolutionGuid = {FC3F1E9F-A86F-412D-BB3C-28AAD90FFB1B}
	EndGlobalSection
EndGlobal
