
Microsoft Visual Studio Solution File, Format Version 12.00
# Visual Studio Version 17
VisualStudioVersion = 17.6.33723.286
MinimumVisualStudioVersion = 10.0.40219.1
Project("{FAE04EC0-301F-11D3-BF4B-00C04F79EFBC}") = "Ejercicio39", "Ejercicio39\Ejercicio39.csproj", "{73F05683-6EC9-4A41-8F6D-4753D62AAE77}"
EndProject
Global
	GlobalSection(SolutionConfigurationPlatforms) = preSolution
		Debug|Any CPU = Debug|Any CPU
		Release|Any CPU = Release|Any CPU
	EndGlobalSection
	GlobalSection(ProjectConfigurationPlatforms) = postSolution
		{73F05683-6EC9-4A41-8F6D-4753D62AAE77}.Debug|Any CPU.ActiveCfg = Debug|Any CPU
		{73F05683-6EC9-4A41-8F6D-4753D62AAE77}.Debug|Any CPU.Build.0 = Debug|Any CPU
		{73F05683-6EC9-4A41-8F6D-4753D62AAE77}.Release|Any CPU.ActiveCfg = Release|Any CPU
		{73F05683-6EC9-4A41-8F6D-4753D62AAE77}.Release|Any CPU.Build.0 = Release|Any CPU
	EndGlobalSection
	GlobalSection(SolutionProperties) = preSolution
		HideSolutionNode = FALSE
	EndGlobalSection
	GlobalSection(ExtensibilityGlobals) = postSolution
		SolutionGuid = {48877BE4-FE0E-4C60-9AD9-C004939C0571}
	EndGlobalSection
EndGlobal
